
Microsoft Visual Studio Solution File, Format Version 12.00
# Visual Studio Version 16
VisualStudioVersion = 16.0.29709.97
MinimumVisualStudioVersion = 10.0.40219.1
Project("{8BC9CEB8-8B4A-11D0-8D11-00A0C91BC942}") = "CodeSolutions", "CodeSolutions\CodeSolutions.vcxproj", "{174BCFA8-C4D9-4E98-8FCA-DDA3685B475F}"
EndProject
Global
	GlobalSection(SolutionConfigurationPlatforms) = preSolution
		Debug|x64 = Debug|x64
		Debug|x86 = Debug|x86
		Release|x64 = Release|x64
		Release|x86 = Release|x86
	EndGlobalSection
	GlobalSection(ProjectConfigurationPlatforms) = postSolution
		{174BCFA8-C4D9-4E98-8FCA-DDA3685B475F}.Debug|x64.ActiveCfg = Debug|x64
		{174BCFA8-C4D9-4E98-8FCA-DDA3685B475F}.Debug|x64.Build.0 = Debug|x64
		{174BCFA8-C4D9-4E98-8FCA-DDA3685B475F}.Debug|x86.ActiveCfg = Debug|Win32
		{174BCFA8-C4D9-4E98-8FCA-DDA3685B475F}.Debug|x86.Build.0 = Debug|Win32
		{174BCFA8-C4D9-4E98-8FCA-DDA3685B475F}.Release|x64.ActiveCfg = Release|x64
		{174BCFA8-C4D9-4E98-8FCA-DDA3685B475F}.Release|x64.Build.0 = Release|x64
		{174BCFA8-C4D9-4E98-8FCA-DDA3685B475F}.Release|x86.ActiveCfg = Release|Win32
		{174BCFA8-C4D9-4E98-8FCA-DDA3685B475F}.Release|x86.Build.0 = Release|Win32
	EndGlobalSection
	GlobalSection(SolutionProperties) = preSolution
		HideSolutionNode = FALSE
	EndGlobalSection
	GlobalSection(ExtensibilityGlobals) = postSolution
		SolutionGuid = {390C1A45-E029-4818-B036-7E273476722B}
	EndGlobalSection
EndGlobal
