
Microsoft Visual Studio Solution File, Format Version 12.00
# Visual Studio Version 16
VisualStudioVersion = 16.0.31515.178
MinimumVisualStudioVersion = 10.0.40219.1
Project("{F2A71F9B-5D33-465A-A702-920D77279786}") = "CodeSolutions", "CodeSolutions\CodeSolutions.fsproj", "{0434CBF4-D34C-46C1-9434-D1C10D8EB915}"
EndProject
Global
	GlobalSection(SolutionConfigurationPlatforms) = preSolution
		Debug|Any CPU = Debug|Any CPU
		Release|Any CPU = Release|Any CPU
	EndGlobalSection
	GlobalSection(ProjectConfigurationPlatforms) = postSolution
		{0434CBF4-D34C-46C1-9434-D1C10D8EB915}.Debug|Any CPU.ActiveCfg = Debug|Any CPU
		{0434CBF4-D34C-46C1-9434-D1C10D8EB915}.Debug|Any CPU.Build.0 = Debug|Any CPU
		{0434CBF4-D34C-46C1-9434-D1C10D8EB915}.Release|Any CPU.ActiveCfg = Release|Any CPU
		{0434CBF4-D34C-46C1-9434-D1C10D8EB915}.Release|Any CPU.Build.0 = Release|Any CPU
	EndGlobalSection
	GlobalSection(SolutionProperties) = preSolution
		HideSolutionNode = FALSE
	EndGlobalSection
	GlobalSection(ExtensibilityGlobals) = postSolution
		SolutionGuid = {A713D870-3668-4E4A-B316-CFBA53C3E94E}
	EndGlobalSection
EndGlobal
